{
  "nodes": {
    "home-manager": {
      "inputs": {
        "nixpkgs": [
          "zen-browser",
          "nixpkgs"
        ]
      },
      "locked": {
        "lastModified": 1782415272,
        "narHash": "sha256-Yt4nE/QSk1KRzOIMBK5/OOa7AH1Y0JbxNbgf5VTxQ6g=",
        "owner": "nix-community",
        "repo": "home-manager",
        "rev": "19d7472aca941c7e3d11e8a91d61be47d70c4ab5",
        "type": "github"
      },
      "original": {
        "owner": "nix-community",
        "repo": "home-manager",
        "type": "github"
      }
    },
    "nixpkgs": {
      "locked": {
        "lastModified": 1781216227,
        "narHash": "sha256-9mUW6gNwoN2SWc/l0fW4svPNOulXLl8ijqKyeSOGgJE=",
        "owner": "NixOS",
        "repo": "nixpkgs",
        "rev": "a0374025a863d007d98e3297f6aa46cc3141c2f0",
        "type": "github"
      },
      "original": {
        "owner": "NixOS",
        "ref": "nixos-26.05",
        "repo": "nixpkgs",
        "type": "github"
      }
    },
    "noctalia": {
      "inputs": {
        "nixpkgs": [
          "nixpkgs"
        ]
      },
      "locked": {
        "lastModified": 1781891440,
        "narHash": "sha256-beTsCVisajTYrF/X2MkDyZUyPGwm5crQgNQXoGlHwJs=",
        "owner": "noctalia-dev",
        "repo": "noctalia-shell",
        "rev": "aa8448f2b289963b92799827b0276f3928dd8085",
        "type": "github"
      },
      "original": {
        "owner": "noctalia-dev",
        "repo": "noctalia-shell",
        "type": "github"
      }
    },
    "root": {
      "inputs": {
        "nixpkgs": "nixpkgs",
        "noctalia": "noctalia",
        "zen-browser": "zen-browser"
      }
    },
    "zen-browser": {
      "inputs": {
        "home-manager": "home-manager",
        "nixpkgs": [
          "nixpkgs"
        ]
      },
      "locked": {
        "lastModified": 1781820312,
        "narHash": "sha256-tTFfF/wIXGH9B+m8r0g23UkzkmM3jBgWnqGC4/NFzrs=",
        "owner": "0xc000022070",
        "repo": "zen-browser-flake",
        "rev": "f1b189bea5972ceee02628f913f2f342ce96e21e",
        "type": "github"
      },
      "original": {
        "owner": "0xc000022070",
        "repo": "zen-browser-flake",
        "type": "github"
      }
    }
  },
  "root": "root",
  "version": 7
}
